
Microsoft Visual Studio Solution File, Format Version 12.00
# Visual Studio 2012
Project("{FAE04EC0-301F-11D3-BF4B-00C04F79EFBC}") = "Regalo.Core", "Regalo.Core\Regalo.Core.csproj", "{80473978-8D0F-4AD4-983E-600E516D49AB}"
EndProject
Project("{FAE04EC0-301F-11D3-BF4B-00C04F79EFBC}") = "Regalo.Core.Tests.Unit", "Regalo.Core.Tests.Unit\Regalo.Core.Tests.Unit.csproj", "{09055902-1429-4A6F-B3A7-01C3C2715FF1}"
EndProject
Project("{FAE04EC0-301F-11D3-BF4B-00C04F79EFBC}") = "Regalo.Core.Tests.DomainModel", "Regalo.Core.Tests.DomainModel\Regalo.Core.Tests.DomainModel.csproj", "{332AA28A-3912-4ED3-AE65-0D9F0C2AE90E}"
EndProject
Project("{2150E333-8FDC-42A3-9474-1A3956D46DE8}") = ".nuget", ".nuget", "{92CDD814-F327-4281-8ADD-389F9007A78C}"
	ProjectSection(SolutionItems) = preProject
		.nuget\NuGet.Config = .nuget\NuGet.Config
		.nuget\NuGet.targets = .nuget\NuGet.targets
	EndProjectSection
EndProject
Project("{FAE04EC0-301F-11D3-BF4B-00C04F79EFBC}") = "Regalo.RavenDB", "Regalo.RavenDB\Regalo.RavenDB.csproj", "{50C78CDB-3754-4AA7-A349-895FB0AB095E}"
EndProject
Project("{FAE04EC0-301F-11D3-BF4B-00C04F79EFBC}") = "Regalo.RavenDB.Tests.Unit", "Regalo.RavenDB.Tests.Unit\Regalo.RavenDB.Tests.Unit.csproj", "{DB02B697-1579-431D-BC09-9D801B95E5AE}"
EndProject
Project("{FAE04EC0-301F-11D3-BF4B-00C04F79EFBC}") = "Regalo.SqlServer", "Regalo.SqlServer\Regalo.SqlServer.csproj", "{E291B026-2758-41AC-9658-5CDACEF8E413}"
EndProject
Project("{FAE04EC0-301F-11D3-BF4B-00C04F79EFBC}") = "Regalo.SqlServer.Tests.Unit", "Regalo.SqlServer.Tests.Unit\Regalo.SqlServer.Tests.Unit.csproj", "{06D4DBF6-4C96-4739-92C2-0AC59C6A5BC3}"
EndProject
Project("{FAE04EC0-301F-11D3-BF4B-00C04F79EFBC}") = "Regalo.Testing", "Regalo.Testing\Regalo.Testing.csproj", "{50425006-B901-4461-99D5-7BAE8FFAFA54}"
EndProject
Project("{FAE04EC0-301F-11D3-BF4B-00C04F79EFBC}") = "Regalo.Testing.Tests.Unit", "Regalo.Testing.Tests.Unit\Regalo.Testing.Tests.Unit.csproj", "{48AF838B-F524-47A6-B8FF-CD804F768885}"
EndProject
Project("{FAE04EC0-301F-11D3-BF4B-00C04F79EFBC}") = "Regalo.ObjectCompare.Tests.Unit", "Regalo.ObjectCompare.Tests.Unit\Regalo.ObjectCompare.Tests.Unit.csproj", "{700F5B3B-838D-4F38-94BF-95B7C8767834}"
EndProject
Project("{FAE04EC0-301F-11D3-BF4B-00C04F79EFBC}") = "Regalo.ObjectCompare", "Regalo.ObjectCompare\Regalo.ObjectCompare.csproj", "{BDC34219-6E54-4580-958E-DCC93B1676E3}"
EndProject
Global
	GlobalSection(SolutionConfigurationPlatforms) = preSolution
		Debug|Any CPU = Debug|Any CPU
		Release|Any CPU = Release|Any CPU
	EndGlobalSection
	GlobalSection(ProjectConfigurationPlatforms) = postSolution
		{80473978-8D0F-4AD4-983E-600E516D49AB}.Debug|Any CPU.ActiveCfg = Debug|Any CPU
		{80473978-8D0F-4AD4-983E-600E516D49AB}.Debug|Any CPU.Build.0 = Debug|Any CPU
		{80473978-8D0F-4AD4-983E-600E516D49AB}.Release|Any CPU.ActiveCfg = Release|Any CPU
		{80473978-8D0F-4AD4-983E-600E516D49AB}.Release|Any CPU.Build.0 = Release|Any CPU
		{09055902-1429-4A6F-B3A7-01C3C2715FF1}.Debug|Any CPU.ActiveCfg = Debug|Any CPU
		{09055902-1429-4A6F-B3A7-01C3C2715FF1}.Debug|Any CPU.Build.0 = Debug|Any CPU
		{09055902-1429-4A6F-B3A7-01C3C2715FF1}.Release|Any CPU.ActiveCfg = Release|Any CPU
		{09055902-1429-4A6F-B3A7-01C3C2715FF1}.Release|Any CPU.Build.0 = Release|Any CPU
		{332AA28A-3912-4ED3-AE65-0D9F0C2AE90E}.Debug|Any CPU.ActiveCfg = Debug|Any CPU
		{332AA28A-3912-4ED3-AE65-0D9F0C2AE90E}.Debug|Any CPU.Build.0 = Debug|Any CPU
		{332AA28A-3912-4ED3-AE65-0D9F0C2AE90E}.Release|Any CPU.ActiveCfg = Release|Any CPU
		{332AA28A-3912-4ED3-AE65-0D9F0C2AE90E}.Release|Any CPU.Build.0 = Release|Any CPU
		{50C78CDB-3754-4AA7-A349-895FB0AB095E}.Debug|Any CPU.ActiveCfg = Debug|Any CPU
		{50C78CDB-3754-4AA7-A349-895FB0AB095E}.Debug|Any CPU.Build.0 = Debug|Any CPU
		{50C78CDB-3754-4AA7-A349-895FB0AB095E}.Release|Any CPU.ActiveCfg = Release|Any CPU
		{50C78CDB-3754-4AA7-A349-895FB0AB095E}.Release|Any CPU.Build.0 = Release|Any CPU
		{DB02B697-1579-431D-BC09-9D801B95E5AE}.Debug|Any CPU.ActiveCfg = Debug|Any CPU
		{DB02B697-1579-431D-BC09-9D801B95E5AE}.Debug|Any CPU.Build.0 = Debug|Any CPU
		{DB02B697-1579-431D-BC09-9D801B95E5AE}.Release|Any CPU.ActiveCfg = Release|Any CPU
		{DB02B697-1579-431D-BC09-9D801B95E5AE}.Release|Any CPU.Build.0 = Release|Any CPU
		{E291B026-2758-41AC-9658-5CDACEF8E413}.Debug|Any CPU.ActiveCfg = Debug|Any CPU
		{E291B026-2758-41AC-9658-5CDACEF8E413}.Debug|Any CPU.Build.0 = Debug|Any CPU
		{E291B026-2758-41AC-9658-5CDACEF8E413}.Release|Any CPU.ActiveCfg = Release|Any CPU
		{E291B026-2758-41AC-9658-5CDACEF8E413}.Release|Any CPU.Build.0 = Release|Any CPU
		{06D4DBF6-4C96-4739-92C2-0AC59C6A5BC3}.Debug|Any CPU.ActiveCfg = Debug|Any CPU
		{06D4DBF6-4C96-4739-92C2-0AC59C6A5BC3}.Debug|Any CPU.Build.0 = Debug|Any CPU
		{06D4DBF6-4C96-4739-92C2-0AC59C6A5BC3}.Release|Any CPU.ActiveCfg = Release|Any CPU
		{06D4DBF6-4C96-4739-92C2-0AC59C6A5BC3}.Release|Any CPU.Build.0 = Release|Any CPU
		{50425006-B901-4461-99D5-7BAE8FFAFA54}.Debug|Any CPU.ActiveCfg = Debug|Any CPU
		{50425006-B901-4461-99D5-7BAE8FFAFA54}.Debug|Any CPU.Build.0 = Debug|Any CPU
		{50425006-B901-4461-99D5-7BAE8FFAFA54}.Release|Any CPU.ActiveCfg = Release|Any CPU
		{50425006-B901-4461-99D5-7BAE8FFAFA54}.Release|Any CPU.Build.0 = Release|Any CPU
		{48AF838B-F524-47A6-B8FF-CD804F768885}.Debug|Any CPU.ActiveCfg = Debug|Any CPU
		{48AF838B-F524-47A6-B8FF-CD804F768885}.Debug|Any CPU.Build.0 = Debug|Any CPU
		{48AF838B-F524-47A6-B8FF-CD804F768885}.Release|Any CPU.ActiveCfg = Release|Any CPU
		{48AF838B-F524-47A6-B8FF-CD804F768885}.Release|Any CPU.Build.0 = Release|Any CPU
		{700F5B3B-838D-4F38-94BF-95B7C8767834}.Debug|Any CPU.ActiveCfg = Debug|Any CPU
		{700F5B3B-838D-4F38-94BF-95B7C8767834}.Debug|Any CPU.Build.0 = Debug|Any CPU
		{700F5B3B-838D-4F38-94BF-95B7C8767834}.Release|Any CPU.ActiveCfg = Release|Any CPU
		{700F5B3B-838D-4F38-94BF-95B7C8767834}.Release|Any CPU.Build.0 = Release|Any CPU
		{BDC34219-6E54-4580-958E-DCC93B1676E3}.Debug|Any CPU.ActiveCfg = Debug|Any CPU
		{BDC34219-6E54-4580-958E-DCC93B1676E3}.Debug|Any CPU.Build.0 = Debug|Any CPU
		{BDC34219-6E54-4580-958E-DCC93B1676E3}.Release|Any CPU.ActiveCfg = Release|Any CPU
		{BDC34219-6E54-4580-958E-DCC93B1676E3}.Release|Any CPU.Build.0 = Release|Any CPU
	EndGlobalSection
	GlobalSection(SolutionProperties) = preSolution
		HideSolutionNode = FALSE
	EndGlobalSection
EndGlobal
