
Microsoft Visual Studio Solution File, Format Version 11.00
# Visual Studio 2010
Project("{FAE04EC0-301F-11D3-BF4B-00C04F79EFBC}") = "Regalo.SqlServer", "Regalo.SqlServer\Regalo.SqlServer.csproj", "{E291B026-2758-41AC-9658-5CDACEF8E413}"
EndProject
Project("{FAE04EC0-301F-11D3-BF4B-00C04F79EFBC}") = "Regalo.SqlServer.Tests.Unit", "Regalo.SqlServer.Tests.Unit\Regalo.SqlServer.Tests.Unit.csproj", "{06D4DBF6-4C96-4739-92C2-0AC59C6A5BC3}"
EndProject
Global
	GlobalSection(SolutionConfigurationPlatforms) = preSolution
		Debug|Any CPU = Debug|Any CPU
		Release|Any CPU = Release|Any CPU
	EndGlobalSection
	GlobalSection(ProjectConfigurationPlatforms) = postSolution
		{E291B026-2758-41AC-9658-5CDACEF8E413}.Debug|Any CPU.ActiveCfg = Debug|Any CPU
		{E291B026-2758-41AC-9658-5CDACEF8E413}.Debug|Any CPU.Build.0 = Debug|Any CPU
		{E291B026-2758-41AC-9658-5CDACEF8E413}.Release|Any CPU.ActiveCfg = Release|Any CPU
		{E291B026-2758-41AC-9658-5CDACEF8E413}.Release|Any CPU.Build.0 = Release|Any CPU
		{06D4DBF6-4C96-4739-92C2-0AC59C6A5BC3}.Debug|Any CPU.ActiveCfg = Debug|Any CPU
		{06D4DBF6-4C96-4739-92C2-0AC59C6A5BC3}.Debug|Any CPU.Build.0 = Debug|Any CPU
		{06D4DBF6-4C96-4739-92C2-0AC59C6A5BC3}.Release|Any CPU.ActiveCfg = Release|Any CPU
		{06D4DBF6-4C96-4739-92C2-0AC59C6A5BC3}.Release|Any CPU.Build.0 = Release|Any CPU
	EndGlobalSection
	GlobalSection(SolutionProperties) = preSolution
		HideSolutionNode = FALSE
	EndGlobalSection
EndGlobal
