
Microsoft Visual Studio Solution File, Format Version 11.00
# Visual Studio 2010
Project("{FAE04EC0-301F-11D3-BF4B-00C04F79EFBC}") = "Regalo.EventSourcing", "Regalo.EventSourcing\Regalo.EventSourcing.csproj", "{0EC48F03-E7F9-4658-9E9A-5BCEC956B5CC}"
EndProject
Project("{FAE04EC0-301F-11D3-BF4B-00C04F79EFBC}") = "Regalo.EventSourcing.Tests.Unit", "Regalo.EventSourcing.Tests.Unit\Regalo.EventSourcing.Tests.Unit.csproj", "{F8847472-0AAA-4034-AF2B-2A4A5DD3BEF7}"
EndProject
Global
	GlobalSection(SolutionConfigurationPlatforms) = preSolution
		Debug|Any CPU = Debug|Any CPU
		Release|Any CPU = Release|Any CPU
	EndGlobalSection
	GlobalSection(ProjectConfigurationPlatforms) = postSolution
		{0EC48F03-E7F9-4658-9E9A-5BCEC956B5CC}.Debug|Any CPU.ActiveCfg = Debug|Any CPU
		{0EC48F03-E7F9-4658-9E9A-5BCEC956B5CC}.Debug|Any CPU.Build.0 = Debug|Any CPU
		{0EC48F03-E7F9-4658-9E9A-5BCEC956B5CC}.Release|Any CPU.ActiveCfg = Release|Any CPU
		{0EC48F03-E7F9-4658-9E9A-5BCEC956B5CC}.Release|Any CPU.Build.0 = Release|Any CPU
		{F8847472-0AAA-4034-AF2B-2A4A5DD3BEF7}.Debug|Any CPU.ActiveCfg = Debug|Any CPU
		{F8847472-0AAA-4034-AF2B-2A4A5DD3BEF7}.Debug|Any CPU.Build.0 = Debug|Any CPU
		{F8847472-0AAA-4034-AF2B-2A4A5DD3BEF7}.Release|Any CPU.ActiveCfg = Release|Any CPU
		{F8847472-0AAA-4034-AF2B-2A4A5DD3BEF7}.Release|Any CPU.Build.0 = Release|Any CPU
	EndGlobalSection
	GlobalSection(SolutionProperties) = preSolution
		HideSolutionNode = FALSE
	EndGlobalSection
EndGlobal
